
Microsoft Visual Studio Solution File, Format Version 12.00
# Visual Studio Version 17
VisualStudioVersion = 17.8.34322.80
MinimumVisualStudioVersion = 10.0.40219.1
Project("{9A19103F-16F7-4668-BE54-9A1E7A4F7556}") = "Kiyote.Files", "src\Kiyote\Files\Kiyote.Files\Kiyote.Files.csproj", "{74CA41D5-E14D-4C2F-AB51-636122D61852}"
EndProject
Project("{2150E333-8FDC-42A3-9474-1A3956D46DE8}") = "src", "src", "{CD516523-37BB-452E-9109-0EEB1CE288E6}"
EndProject
Project("{2150E333-8FDC-42A3-9474-1A3956D46DE8}") = "Kiyote", "Kiyote", "{8E62E3DD-F60C-432D-A651-FBDC6656D45F}"
EndProject
Project("{2150E333-8FDC-42A3-9474-1A3956D46DE8}") = "Files", "Files", "{C1B0DFF0-8EC4-4E9E-A482-17AF78BBF808}"
EndProject
Project("{2150E333-8FDC-42A3-9474-1A3956D46DE8}") = "Disk", "Disk", "{9D56EC1C-6D4D-4FEE-8592-A499BAC1C26D}"
EndProject
Project("{9A19103F-16F7-4668-BE54-9A1E7A4F7556}") = "Kiyote.Files.Disk", "src\Kiyote\Files\Disk\Kiyote.Files.Disk\Kiyote.Files.Disk.csproj", "{9013E7FE-C958-46ED-8DEB-D2DD48A4A3C9}"
EndProject
Project("{2150E333-8FDC-42A3-9474-1A3956D46DE8}") = "Solution Items", "Solution Items", "{BA76AFF6-6DF4-485D-8E42-97B6001D8E9C}"
	ProjectSection(SolutionItems) = preProject
		.editorconfig = .editorconfig
		.gitignore = .gitignore
		.github\workflows\ci.yml = .github\workflows\ci.yml
		Directory.Build.props = Directory.Build.props
		Directory.Packages.props = Directory.Packages.props
		finecodecoverage-settings.xml = finecodecoverage-settings.xml
		LICENSE = LICENSE
		nuget.config = nuget.config
		README.md = README.md
	EndProjectSection
EndProject
Project("{9A19103F-16F7-4668-BE54-9A1E7A4F7556}") = "Kiyote.Files.UnitTests", "test\Kiyote\Files\Kiyote.Files.UnitTests\Kiyote.Files.UnitTests.csproj", "{C70300C5-C365-4E12-B273-5420FCEC205E}"
EndProject
Project("{2150E333-8FDC-42A3-9474-1A3956D46DE8}") = "test", "test", "{A4D2FD91-B6BC-4E41-BF3A-C884204905D8}"
	ProjectSection(SolutionItems) = preProject
		test\.runsettings = test\.runsettings
	EndProjectSection
EndProject
Project("{2150E333-8FDC-42A3-9474-1A3956D46DE8}") = "Kiyote", "Kiyote", "{E93171EB-9A2D-496F-8C52-1983817BDE6F}"
EndProject
Project("{2150E333-8FDC-42A3-9474-1A3956D46DE8}") = "Files", "Files", "{B8C30807-B5B7-48D2-89B2-E137BAA77386}"
EndProject
Project("{2150E333-8FDC-42A3-9474-1A3956D46DE8}") = "Disk", "Disk", "{2CE5D8A3-73C5-4B92-8D0E-4A44640E73E8}"
EndProject
Project("{9A19103F-16F7-4668-BE54-9A1E7A4F7556}") = "Kiyote.Files.Disk.UnitTests", "test\Kiyote\Files\Disk\Kiyote.Files.Disk.UnitTests\Kiyote.Files.Disk.UnitTests.csproj", "{7DE97670-2A8A-423F-8E47-B24D83F0565C}"
EndProject
Project("{9A19103F-16F7-4668-BE54-9A1E7A4F7556}") = "Kiyote.Files.Disk.IntegrationTests", "test\Kiyote\Files\Disk\Kiyote.Files.Disk.IntegrationTests\Kiyote.Files.Disk.IntegrationTests.csproj", "{37D2041D-3FE6-45FA-91EA-2E10025173D6}"
EndProject
Project("{2150E333-8FDC-42A3-9474-1A3956D46DE8}") = "Resource", "Resource", "{65B9AFDD-D784-4862-81F5-45B304A6C731}"
EndProject
Project("{9A19103F-16F7-4668-BE54-9A1E7A4F7556}") = "Kiyote.Files.Resource", "src\Kiyote\Files\Resource\Kiyote.Files.Resource\Kiyote.Files.Resource.csproj", "{898A2D52-1095-44F8-A4B4-F054DA0E192C}"
EndProject
Project("{2150E333-8FDC-42A3-9474-1A3956D46DE8}") = "Resource", "Resource", "{BD7BE438-9108-451B-BDAB-98B92D8BCEBA}"
EndProject
Project("{9A19103F-16F7-4668-BE54-9A1E7A4F7556}") = "Kiyote.Files.Resource.IntegrationTests", "test\Kiyote\Files\Resource\Kiyote.Files.Resource.IntegrationTests\Kiyote.Files.Resource.IntegrationTests.csproj", "{3BC6FA36-A481-4888-A0F5-5D19EF3919E8}"
EndProject
Project("{9A19103F-16F7-4668-BE54-9A1E7A4F7556}") = "Kiyote.Files.Resource.Manifest.IntegrationTests", "test\Kiyote\Files\Resource\Kiyote.Files.Resource.Manifest.IntegrationTests\Kiyote.Files.Resource.Manifest.IntegrationTests.csproj", "{7FE035BB-3126-4E90-A7B0-309A2BB60847}"
EndProject
Project("{9A19103F-16F7-4668-BE54-9A1E7A4F7556}") = "Kiyote.Files.IntegrationTests", "test\Kiyote\Files\Kiyote.Files.IntegrationTests\Kiyote.Files.IntegrationTests.csproj", "{4A7D4023-8489-40D0-A52A-E7263C29523E}"
EndProject
Global
	GlobalSection(SolutionConfigurationPlatforms) = preSolution
		Debug|Any CPU = Debug|Any CPU
		Release|Any CPU = Release|Any CPU
	EndGlobalSection
	GlobalSection(ProjectConfigurationPlatforms) = postSolution
		{74CA41D5-E14D-4C2F-AB51-636122D61852}.Debug|Any CPU.ActiveCfg = Debug|Any CPU
		{74CA41D5-E14D-4C2F-AB51-636122D61852}.Debug|Any CPU.Build.0 = Debug|Any CPU
		{74CA41D5-E14D-4C2F-AB51-636122D61852}.Release|Any CPU.ActiveCfg = Release|Any CPU
		{74CA41D5-E14D-4C2F-AB51-636122D61852}.Release|Any CPU.Build.0 = Release|Any CPU
		{9013E7FE-C958-46ED-8DEB-D2DD48A4A3C9}.Debug|Any CPU.ActiveCfg = Debug|Any CPU
		{9013E7FE-C958-46ED-8DEB-D2DD48A4A3C9}.Debug|Any CPU.Build.0 = Debug|Any CPU
		{9013E7FE-C958-46ED-8DEB-D2DD48A4A3C9}.Release|Any CPU.ActiveCfg = Release|Any CPU
		{9013E7FE-C958-46ED-8DEB-D2DD48A4A3C9}.Release|Any CPU.Build.0 = Release|Any CPU
		{C70300C5-C365-4E12-B273-5420FCEC205E}.Debug|Any CPU.ActiveCfg = Debug|Any CPU
		{C70300C5-C365-4E12-B273-5420FCEC205E}.Debug|Any CPU.Build.0 = Debug|Any CPU
		{C70300C5-C365-4E12-B273-5420FCEC205E}.Release|Any CPU.ActiveCfg = Release|Any CPU
		{C70300C5-C365-4E12-B273-5420FCEC205E}.Release|Any CPU.Build.0 = Release|Any CPU
		{7DE97670-2A8A-423F-8E47-B24D83F0565C}.Debug|Any CPU.ActiveCfg = Debug|Any CPU
		{7DE97670-2A8A-423F-8E47-B24D83F0565C}.Debug|Any CPU.Build.0 = Debug|Any CPU
		{7DE97670-2A8A-423F-8E47-B24D83F0565C}.Release|Any CPU.ActiveCfg = Release|Any CPU
		{7DE97670-2A8A-423F-8E47-B24D83F0565C}.Release|Any CPU.Build.0 = Release|Any CPU
		{37D2041D-3FE6-45FA-91EA-2E10025173D6}.Debug|Any CPU.ActiveCfg = Debug|Any CPU
		{37D2041D-3FE6-45FA-91EA-2E10025173D6}.Debug|Any CPU.Build.0 = Debug|Any CPU
		{37D2041D-3FE6-45FA-91EA-2E10025173D6}.Release|Any CPU.ActiveCfg = Release|Any CPU
		{37D2041D-3FE6-45FA-91EA-2E10025173D6}.Release|Any CPU.Build.0 = Release|Any CPU
		{898A2D52-1095-44F8-A4B4-F054DA0E192C}.Debug|Any CPU.ActiveCfg = Debug|Any CPU
		{898A2D52-1095-44F8-A4B4-F054DA0E192C}.Debug|Any CPU.Build.0 = Debug|Any CPU
		{898A2D52-1095-44F8-A4B4-F054DA0E192C}.Release|Any CPU.ActiveCfg = Release|Any CPU
		{898A2D52-1095-44F8-A4B4-F054DA0E192C}.Release|Any CPU.Build.0 = Release|Any CPU
		{3BC6FA36-A481-4888-A0F5-5D19EF3919E8}.Debug|Any CPU.ActiveCfg = Debug|Any CPU
		{3BC6FA36-A481-4888-A0F5-5D19EF3919E8}.Debug|Any CPU.Build.0 = Debug|Any CPU
		{3BC6FA36-A481-4888-A0F5-5D19EF3919E8}.Release|Any CPU.ActiveCfg = Release|Any CPU
		{3BC6FA36-A481-4888-A0F5-5D19EF3919E8}.Release|Any CPU.Build.0 = Release|Any CPU
		{7FE035BB-3126-4E90-A7B0-309A2BB60847}.Debug|Any CPU.ActiveCfg = Debug|Any CPU
		{7FE035BB-3126-4E90-A7B0-309A2BB60847}.Debug|Any CPU.Build.0 = Debug|Any CPU
		{7FE035BB-3126-4E90-A7B0-309A2BB60847}.Release|Any CPU.ActiveCfg = Release|Any CPU
		{7FE035BB-3126-4E90-A7B0-309A2BB60847}.Release|Any CPU.Build.0 = Release|Any CPU
		{4A7D4023-8489-40D0-A52A-E7263C29523E}.Debug|Any CPU.ActiveCfg = Debug|Any CPU
		{4A7D4023-8489-40D0-A52A-E7263C29523E}.Debug|Any CPU.Build.0 = Debug|Any CPU
		{4A7D4023-8489-40D0-A52A-E7263C29523E}.Release|Any CPU.ActiveCfg = Release|Any CPU
		{4A7D4023-8489-40D0-A52A-E7263C29523E}.Release|Any CPU.Build.0 = Release|Any CPU
	EndGlobalSection
	GlobalSection(SolutionProperties) = preSolution
		HideSolutionNode = FALSE
	EndGlobalSection
	GlobalSection(NestedProjects) = preSolution
		{74CA41D5-E14D-4C2F-AB51-636122D61852} = {C1B0DFF0-8EC4-4E9E-A482-17AF78BBF808}
		{8E62E3DD-F60C-432D-A651-FBDC6656D45F} = {CD516523-37BB-452E-9109-0EEB1CE288E6}
		{C1B0DFF0-8EC4-4E9E-A482-17AF78BBF808} = {8E62E3DD-F60C-432D-A651-FBDC6656D45F}
		{9D56EC1C-6D4D-4FEE-8592-A499BAC1C26D} = {C1B0DFF0-8EC4-4E9E-A482-17AF78BBF808}
		{9013E7FE-C958-46ED-8DEB-D2DD48A4A3C9} = {9D56EC1C-6D4D-4FEE-8592-A499BAC1C26D}
		{C70300C5-C365-4E12-B273-5420FCEC205E} = {B8C30807-B5B7-48D2-89B2-E137BAA77386}
		{E93171EB-9A2D-496F-8C52-1983817BDE6F} = {A4D2FD91-B6BC-4E41-BF3A-C884204905D8}
		{B8C30807-B5B7-48D2-89B2-E137BAA77386} = {E93171EB-9A2D-496F-8C52-1983817BDE6F}
		{2CE5D8A3-73C5-4B92-8D0E-4A44640E73E8} = {B8C30807-B5B7-48D2-89B2-E137BAA77386}
		{7DE97670-2A8A-423F-8E47-B24D83F0565C} = {2CE5D8A3-73C5-4B92-8D0E-4A44640E73E8}
		{37D2041D-3FE6-45FA-91EA-2E10025173D6} = {2CE5D8A3-73C5-4B92-8D0E-4A44640E73E8}
		{65B9AFDD-D784-4862-81F5-45B304A6C731} = {C1B0DFF0-8EC4-4E9E-A482-17AF78BBF808}
		{898A2D52-1095-44F8-A4B4-F054DA0E192C} = {65B9AFDD-D784-4862-81F5-45B304A6C731}
		{BD7BE438-9108-451B-BDAB-98B92D8BCEBA} = {B8C30807-B5B7-48D2-89B2-E137BAA77386}
		{3BC6FA36-A481-4888-A0F5-5D19EF3919E8} = {BD7BE438-9108-451B-BDAB-98B92D8BCEBA}
		{7FE035BB-3126-4E90-A7B0-309A2BB60847} = {BD7BE438-9108-451B-BDAB-98B92D8BCEBA}
		{4A7D4023-8489-40D0-A52A-E7263C29523E} = {B8C30807-B5B7-48D2-89B2-E137BAA77386}
	EndGlobalSection
	GlobalSection(ExtensibilityGlobals) = postSolution
		SolutionGuid = {A770BD9C-398E-42FB-A0EC-66FB3D3AEC78}
	EndGlobalSection
EndGlobal
